
Microsoft Visual Studio Solution File, Format Version 12.00
# Visual Studio Version 17
VisualStudioVersion = 17.4.33213.308
MinimumVisualStudioVersion = 10.0.40219.1
Project("{FAE04EC0-301F-11D3-BF4B-00C04F79EFBC}") = "3Clocks", "3Clocks\3Clocks.csproj", "{AA3D0606-0ED6-4205-87BF-40125AF5C0A6}"
EndProject
Global
	GlobalSection(SolutionConfigurationPlatforms) = preSolution
		Debug|Any CPU = Debug|Any CPU
		Release|Any CPU = Release|Any CPU
	EndGlobalSection
	GlobalSection(ProjectConfigurationPlatforms) = postSolution
		{AA3D0606-0ED6-4205-87BF-40125AF5C0A6}.Debug|Any CPU.ActiveCfg = Debug|Any CPU
		{AA3D0606-0ED6-4205-87BF-40125AF5C0A6}.Debug|Any CPU.Build.0 = Debug|Any CPU
		{AA3D0606-0ED6-4205-87BF-40125AF5C0A6}.Release|Any CPU.ActiveCfg = Release|Any CPU
		{AA3D0606-0ED6-4205-87BF-40125AF5C0A6}.Release|Any CPU.Build.0 = Release|Any CPU
	EndGlobalSection
	GlobalSection(SolutionProperties) = preSolution
		HideSolutionNode = FALSE
	EndGlobalSection
	GlobalSection(ExtensibilityGlobals) = postSolution
		SolutionGuid = {A8381796-8200-4077-A59C-9C8578958275}
	EndGlobalSection
EndGlobal
